
Microsoft Visual Studio Solution File, Format Version 12.00
# Visual Studio Version 17
VisualStudioVersion = 17.11.35222.181
MinimumVisualStudioVersion = 10.0.40219.1
Project("{8BC9CEB8-8B4A-11D0-8D11-00A0C91BC942}") = "lab 6.3i", "lab 6.3i\lab 6.3i.vcxproj", "{8886E20D-3447-4935-AC24-6E4EB8A691AF}"
EndProject
Project("{8BC9CEB8-8B4A-11D0-8D11-00A0C91BC942}") = "UnitTest6.3.i", "UnitTest6.3.i\UnitTest6.3.i.vcxproj", "{414D6C43-1F68-481C-98E6-A479866062A4}"
EndProject
Global
	GlobalSection(SolutionConfigurationPlatforms) = preSolution
		Debug|x64 = Debug|x64
		Debug|x86 = Debug|x86
		Release|x64 = Release|x64
		Release|x86 = Release|x86
	EndGlobalSection
	GlobalSection(ProjectConfigurationPlatforms) = postSolution
		{8886E20D-3447-4935-AC24-6E4EB8A691AF}.Debug|x64.ActiveCfg = Debug|x64
		{8886E20D-3447-4935-AC24-6E4EB8A691AF}.Debug|x64.Build.0 = Debug|x64
		{8886E20D-3447-4935-AC24-6E4EB8A691AF}.Debug|x86.ActiveCfg = Debug|Win32
		{8886E20D-3447-4935-AC24-6E4EB8A691AF}.Debug|x86.Build.0 = Debug|Win32
		{8886E20D-3447-4935-AC24-6E4EB8A691AF}.Release|x64.ActiveCfg = Release|x64
		{8886E20D-3447-4935-AC24-6E4EB8A691AF}.Release|x64.Build.0 = Release|x64
		{8886E20D-3447-4935-AC24-6E4EB8A691AF}.Release|x86.ActiveCfg = Release|Win32
		{8886E20D-3447-4935-AC24-6E4EB8A691AF}.Release|x86.Build.0 = Release|Win32
		{414D6C43-1F68-481C-98E6-A479866062A4}.Debug|x64.ActiveCfg = Debug|x64
		{414D6C43-1F68-481C-98E6-A479866062A4}.Debug|x64.Build.0 = Debug|x64
		{414D6C43-1F68-481C-98E6-A479866062A4}.Debug|x86.ActiveCfg = Debug|Win32
		{414D6C43-1F68-481C-98E6-A479866062A4}.Debug|x86.Build.0 = Debug|Win32
		{414D6C43-1F68-481C-98E6-A479866062A4}.Release|x64.ActiveCfg = Release|x64
		{414D6C43-1F68-481C-98E6-A479866062A4}.Release|x64.Build.0 = Release|x64
		{414D6C43-1F68-481C-98E6-A479866062A4}.Release|x86.ActiveCfg = Release|Win32
		{414D6C43-1F68-481C-98E6-A479866062A4}.Release|x86.Build.0 = Release|Win32
	EndGlobalSection
	GlobalSection(SolutionProperties) = preSolution
		HideSolutionNode = FALSE
	EndGlobalSection
	GlobalSection(ExtensibilityGlobals) = postSolution
		SolutionGuid = {0DEE5D11-2BE5-4E43-A69B-CF8DCA16287B}
	EndGlobalSection
EndGlobal
